
Microsoft Visual Studio Solution File, Format Version 12.00
# Visual Studio Version 17
VisualStudioVersion = 17.13.35919.96 d17.13
MinimumVisualStudioVersion = 10.0.40219.1
Project("{FAE04EC0-301F-11D3-BF4B-00C04F79EFBC}") = "PasswordManagerApp", "PasswordManagerApp\PasswordManagerApp.csproj", "{293316BF-3AD9-4BAC-8B8C-389C1A19E017}"
EndProject
Project("{FAE04EC0-301F-11D3-BF4B-00C04F79EFBC}") = "Tests", "Tests\Tests.csproj", "{5A3BA593-F063-42AF-8193-FBC25935F9A7}"
EndProject
Global
	GlobalSection(SolutionConfigurationPlatforms) = preSolution
		Debug|Any CPU = Debug|Any CPU
		Release|Any CPU = Release|Any CPU
	EndGlobalSection
	GlobalSection(ProjectConfigurationPlatforms) = postSolution
		{293316BF-3AD9-4BAC-8B8C-389C1A19E017}.Debug|Any CPU.ActiveCfg = Debug|Any CPU
		{293316BF-3AD9-4BAC-8B8C-389C1A19E017}.Debug|Any CPU.Build.0 = Debug|Any CPU
		{293316BF-3AD9-4BAC-8B8C-389C1A19E017}.Release|Any CPU.ActiveCfg = Release|Any CPU
		{293316BF-3AD9-4BAC-8B8C-389C1A19E017}.Release|Any CPU.Build.0 = Release|Any CPU
		{5A3BA593-F063-42AF-8193-FBC25935F9A7}.Debug|Any CPU.ActiveCfg = Debug|Any CPU
		{5A3BA593-F063-42AF-8193-FBC25935F9A7}.Debug|Any CPU.Build.0 = Debug|Any CPU
		{5A3BA593-F063-42AF-8193-FBC25935F9A7}.Release|Any CPU.ActiveCfg = Release|Any CPU
		{5A3BA593-F063-42AF-8193-FBC25935F9A7}.Release|Any CPU.Build.0 = Release|Any CPU
	EndGlobalSection
	GlobalSection(SolutionProperties) = preSolution
		HideSolutionNode = FALSE
	EndGlobalSection
	GlobalSection(ExtensibilityGlobals) = postSolution
		SolutionGuid = {79CFD842-84AF-477D-A86A-FCE5B502BCA5}
	EndGlobalSection
EndGlobal
